
Microsoft Visual Studio Solution File, Format Version 12.00
Project("{2150E333-8FDC-42A3-9474-1A3956D46DE8}") = "src", "src", "{B74D9F87-633A-444D-B8AF-6EDACF2F25BE}"
EndProject
Project("{2150E333-8FDC-42A3-9474-1A3956D46DE8}") = "tests", "tests", "{2EB37B0D-AB30-4253-804D-8E1F02F1A580}"
EndProject
Project("{FAE04EC0-301F-11D3-BF4B-00C04F79EFBC}") = "KutCode.Optional.Core", "src\KutCode.Optional.Core\KutCode.Optional.Core.csproj", "{EBE39C17-688A-4CDC-8F3E-1ABBD62436EF}"
EndProject
Project("{FAE04EC0-301F-11D3-BF4B-00C04F79EFBC}") = "KutCode.Optional.Core.Tests", "tests\KutCode.Optional.Core.Tests\KutCode.Optional.Core.Tests.csproj", "{C53281D5-7FAD-4F93-9032-E473D8BF796A}"
EndProject
Global
	GlobalSection(SolutionConfigurationPlatforms) = preSolution
		Debug|Any CPU = Debug|Any CPU
		Release|Any CPU = Release|Any CPU
	EndGlobalSection
	GlobalSection(NestedProjects) = preSolution
		{EBE39C17-688A-4CDC-8F3E-1ABBD62436EF} = {B74D9F87-633A-444D-B8AF-6EDACF2F25BE}
		{C53281D5-7FAD-4F93-9032-E473D8BF796A} = {2EB37B0D-AB30-4253-804D-8E1F02F1A580}
	EndGlobalSection
	GlobalSection(ProjectConfigurationPlatforms) = postSolution
		{EBE39C17-688A-4CDC-8F3E-1ABBD62436EF}.Debug|Any CPU.ActiveCfg = Debug|Any CPU
		{EBE39C17-688A-4CDC-8F3E-1ABBD62436EF}.Debug|Any CPU.Build.0 = Debug|Any CPU
		{EBE39C17-688A-4CDC-8F3E-1ABBD62436EF}.Release|Any CPU.ActiveCfg = Release|Any CPU
		{EBE39C17-688A-4CDC-8F3E-1ABBD62436EF}.Release|Any CPU.Build.0 = Release|Any CPU
		{C53281D5-7FAD-4F93-9032-E473D8BF796A}.Debug|Any CPU.ActiveCfg = Debug|Any CPU
		{C53281D5-7FAD-4F93-9032-E473D8BF796A}.Debug|Any CPU.Build.0 = Debug|Any CPU
		{C53281D5-7FAD-4F93-9032-E473D8BF796A}.Release|Any CPU.ActiveCfg = Release|Any CPU
		{C53281D5-7FAD-4F93-9032-E473D8BF796A}.Release|Any CPU.Build.0 = Release|Any CPU
	EndGlobalSection
EndGlobal
